// !$*UTF8*$!
{
	archiveVersion = 1;
	classes = {
	};
	objectVersion = 55;
	objects = {

/* Begin PBXBuildFile section */
		0C85CB1488A668157BBBF273 /* Pods_notepad.framework in Frameworks */ = {isa = PBXBuildFile; fileRef = 19B56A5DB88A51A68DBE754E /* Pods_notepad.framework */; };
		C4DED1A127AD3C230010E271 /* notepadApp.swift in Sources */ = {isa = PBXBuildFile; fileRef = C4DED1A027AD3C230010E271 /* notepadApp.swift */; };
		C4DED1A527AD3C240010E271 /* Assets.xcassets in Resources */ = {isa = PBXBuildFile; fileRef = C4DED1A427AD3C240010E271 /* Assets.xcassets */; };
		C4DED1A827AD3C240010E271 /* Preview Assets.xcassets in Resources */ = {isa = PBXBuildFile; fileRef = C4DED1A727AD3C240010E271 /* Preview Assets.xcassets */; };
		C4DED1B827AD3D270010E271 /* LoginView.swift in Sources */ = {isa = PBXBuildFile; fileRef = C4DED1B427AD3D270010E271 /* LoginView.swift */; };
		C4DED1B927AD3D270010E271 /* EditNoteView.swift in Sources */ = {isa = PBXBuildFile; fileRef = C4DED1B527AD3D270010E271 /* EditNoteView.swift */; };
		C4DED1BA27AD3D270010E271 /* AddNoteView.swift in Sources */ = {isa = PBXBuildFile; fileRef = C4DED1B627AD3D270010E271 /* AddNoteView.swift */; };
		C4DED1BB27AD3D270010E271 /* NoteListView.swift in Sources */ = {isa = PBXBuildFile; fileRef = C4DED1B727AD3D270010E271 /* NoteListView.swift */; };
		C4DED1BF27AD3D3C0010E271 /* LoginViewModel.swift in Sources */ = {isa = PBXBuildFile; fileRef = C4DED1BC27AD3D3B0010E271 /* LoginViewModel.swift */; };
		C4DED1C027AD3D3C0010E271 /* LblViewModel.swift in Sources */ = {isa = PBXBuildFile; fileRef = C4DED1BD27AD3D3B0010E271 /* LblViewModel.swift */; };
		C4DED1C127AD3D3C0010E271 /* RefreshViewModel.swift in Sources */ = {isa = PBXBuildFile; fileRef = C4DED1BE27AD3D3B0010E271 /* RefreshViewModel.swift */; };
		C4DED1C527AD3D480010E271 /* LblAPI.swift in Sources */ = {isa = PBXBuildFile; fileRef = C4DED1C327AD3D480010E271 /* LblAPI.swift */; };
		C4DED1C927AD3D560010E271 /* UserInfo.swift in Sources */ = {isa = PBXBuildFile; fileRef = C4DED1C627AD3D560010E271 /* UserInfo.swift */; };
		C4DED1CA27AD3D560010E271 /* CommonResp.swift in Sources */ = {isa = PBXBuildFile; fileRef = C4DED1C727AD3D560010E271 /* CommonResp.swift */; };
		C4DED1CB27AD3D560010E271 /* Note.swift in Sources */ = {isa = PBXBuildFile; fileRef = C4DED1C827AD3D560010E271 /* Note.swift */; };
		C4DED1D227AD3EE90010E271 /* LoginResp.swift in Sources */ = {isa = PBXBuildFile; fileRef = C4DED1D027AD3EE90010E271 /* LoginResp.swift */; };
		C4DED1D327AD3EE90010E271 /* QueryNoteResp.swift in Sources */ = {isa = PBXBuildFile; fileRef = C4DED1D127AD3EE90010E271 /* QueryNoteResp.swift */; };
/* End PBXBuildFile section */

/* Begin PBXFileReference section */
		19B56A5DB88A51A68DBE754E /* Pods_notepad.framework */ = {isa = PBXFileReference; explicitFileType = wrapper.framework; includeInIndex = 0; path = Pods_notepad.framework; sourceTree = BUILT_PRODUCTS_DIR; };
		226DBD1CA811AC249ADF9747 /* Pods-notepad.release.xcconfig */ = {isa = PBXFileReference; includeInIndex = 1; lastKnownFileType = text.xcconfig; name = "Pods-notepad.release.xcconfig"; path = "Target Support Files/Pods-notepad/Pods-notepad.release.xcconfig"; sourceTree = "<group>"; };
		875537B565E4F79E5BDA82F5 /* Pods-notepad.debug.xcconfig */ = {isa = PBXFileReference; includeInIndex = 1; lastKnownFileType = text.xcconfig; name = "Pods-notepad.debug.xcconfig"; path = "Target Support Files/Pods-notepad/Pods-notepad.debug.xcconfig"; sourceTree = "<group>"; };
		C4DED19D27AD3C230010E271 /* notepad.app */ = {isa = PBXFileReference; explicitFileType = wrapper.application; includeInIndex = 0; path = notepad.app; sourceTree = BUILT_PRODUCTS_DIR; };
		C4DED1A027AD3C230010E271 /* notepadApp.swift */ = {isa = PBXFileReference; lastKnownFileType = sourcecode.swift; path = notepadApp.swift; sourceTree = "<group>"; };
		C4DED1A427AD3C240010E271 /* Assets.xcassets */ = {isa = PBXFileReference; lastKnownFileType = folder.assetcatalog; path = Assets.xcassets; sourceTree = "<group>"; };
		C4DED1A727AD3C240010E271 /* Preview Assets.xcassets */ = {isa = PBXFileReference; lastKnownFileType = folder.assetcatalog; path = "Preview Assets.xcassets"; sourceTree = "<group>"; };
		C4DED1B427AD3D270010E271 /* LoginView.swift */ = {isa = PBXFileReference; fileEncoding = 4; lastKnownFileType = sourcecode.swift; name = LoginView.swift; path = views/LoginView.swift; sourceTree = "<group>"; };
		C4DED1B527AD3D270010E271 /* EditNoteView.swift */ = {isa = PBXFileReference; fileEncoding = 4; lastKnownFileType = sourcecode.swift; name = EditNoteView.swift; path = views/EditNoteView.swift; sourceTree = "<group>"; };
		C4DED1B627AD3D270010E271 /* AddNoteView.swift */ = {isa = PBXFileReference; fileEncoding = 4; lastKnownFileType = sourcecode.swift; name = AddNoteView.swift; path = views/AddNoteView.swift; sourceTree = "<group>"; };
		C4DED1B727AD3D270010E271 /* NoteListView.swift */ = {isa = PBXFileReference; fileEncoding = 4; lastKnownFileType = sourcecode.swift; name = NoteListView.swift; path = views/NoteListView.swift; sourceTree = "<group>"; };
		C4DED1BC27AD3D3B0010E271 /* LoginViewModel.swift */ = {isa = PBXFileReference; fileEncoding = 4; lastKnownFileType = sourcecode.swift; name = LoginViewModel.swift; path = viewModel/LoginViewModel.swift; sourceTree = "<group>"; };
		C4DED1BD27AD3D3B0010E271 /* LblViewModel.swift */ = {isa = PBXFileReference; fileEncoding = 4; lastKnownFileType = sourcecode.swift; name = LblViewModel.swift; path = viewModel/LblViewModel.swift; sourceTree = "<group>"; };
		C4DED1BE27AD3D3B0010E271 /* RefreshViewModel.swift */ = {isa = PBXFileReference; fileEncoding = 4; lastKnownFileType = sourcecode.swift; name = RefreshViewModel.swift; path = viewModel/RefreshViewModel.swift; sourceTree = "<group>"; };
		C4DED1C327AD3D480010E271 /* LblAPI.swift */ = {isa = PBXFileReference; fileEncoding = 4; lastKnownFileType = sourcecode.swift; name = LblAPI.swift; path = network/LblAPI.swift; sourceTree = "<group>"; };
		C4DED1C627AD3D560010E271 /* UserInfo.swift */ = {isa = PBXFileReference; fileEncoding = 4; lastKnownFileType = sourcecode.swift; name = UserInfo.swift; path = models/UserInfo.swift; sourceTree = "<group>"; };
		C4DED1C727AD3D560010E271 /* CommonResp.swift */ = {isa = PBXFileReference; fileEncoding = 4; lastKnownFileType = sourcecode.swift; name = CommonResp.swift; path = models/CommonResp.swift; sourceTree = "<group>"; };
		C4DED1C827AD3D560010E271 /* Note.swift */ = {isa = PBXFileReference; fileEncoding = 4; lastKnownFileType = sourcecode.swift; name = Note.swift; path = models/Note.swift; sourceTree = "<group>"; };
		C4DED1D027AD3EE90010E271 /* LoginResp.swift */ = {isa = PBXFileReference; fileEncoding = 4; lastKnownFileType = sourcecode.swift; name = LoginResp.swift; path = notepad/network/bean/LoginResp.swift; sourceTree = SOURCE_ROOT; };
		C4DED1D127AD3EE90010E271 /* QueryNoteResp.swift */ = {isa = PBXFileReference; fileEncoding = 4; lastKnownFileType = sourcecode.swift; name = QueryNoteResp.swift; path = notepad/network/bean/QueryNoteResp.swift; sourceTree = SOURCE_ROOT; };
/* End PBXFileReference section */

/* Begin PBXFrameworksBuildPhase section */
		C4DED19A27AD3C230010E271 /* Frameworks */ = {
			isa = PBXFrameworksBuildPhase;
			buildActionMask = 2147483647;
			files = (
				0C85CB1488A668157BBBF273 /* Pods_notepad.framework in Frameworks */,
			);
			runOnlyForDeploymentPostprocessing = 0;
		};
/* End PBXFrameworksBuildPhase section */

/* Begin PBXGroup section */
		2E27A690BD8D28568B55F9EA /* Pods */ = {
			isa = PBXGroup;
			children = (
				875537B565E4F79E5BDA82F5 /* Pods-notepad.debug.xcconfig */,
				226DBD1CA811AC249ADF9747 /* Pods-notepad.release.xcconfig */,
			);
			path = Pods;
			sourceTree = "<group>";
		};
		C4DED19427AD3C230010E271 = {
			isa = PBXGroup;
			children = (
				C4DED19F27AD3C230010E271 /* notepad */,
				C4DED19E27AD3C230010E271 /* Products */,
				2E27A690BD8D28568B55F9EA /* Pods */,
				FA938EC8B91F90A556F0AD61 /* Frameworks */,
			);
			sourceTree = "<group>";
		};
		C4DED19E27AD3C230010E271 /* Products */ = {
			isa = PBXGroup;
			children = (
				C4DED19D27AD3C230010E271 /* notepad.app */,
			);
			name = Products;
			sourceTree = "<group>";
		};
		C4DED19F27AD3C230010E271 /* notepad */ = {
			isa = PBXGroup;
			children = (
				C4DED1B327AD3D040010E271 /* views */,
				C4DED1B227AD3CF80010E271 /* viewModel */,
				C4DED1B027AD3CDA0010E271 /* network */,
				C4DED1AF27AD3CD30010E271 /* models */,
				C4DED1A027AD3C230010E271 /* notepadApp.swift */,
				C4DED1A427AD3C240010E271 /* Assets.xcassets */,
				C4DED1A627AD3C240010E271 /* Preview Content */,
			);
			path = notepad;
			sourceTree = "<group>";
		};
		C4DED1A627AD3C240010E271 /* Preview Content */ = {
			isa = PBXGroup;
			children = (
				C4DED1A727AD3C240010E271 /* Preview Assets.xcassets */,
			);
			path = "Preview Content";
			sourceTree = "<group>";
		};
		C4DED1AF27AD3CD30010E271 /* models */ = {
			isa = PBXGroup;
			children = (
				C4DED1C727AD3D560010E271 /* CommonResp.swift */,
				C4DED1C827AD3D560010E271 /* Note.swift */,
				C4DED1C627AD3D560010E271 /* UserInfo.swift */,
			);
			name = models;
			sourceTree = "<group>";
		};
		C4DED1B027AD3CDA0010E271 /* network */ = {
			isa = PBXGroup;
			children = (
				C4DED1CD27AD3E9F0010E271 /* bean */,
				C4DED1C327AD3D480010E271 /* LblAPI.swift */,
			);
			name = network;
			sourceTree = "<group>";
		};
		C4DED1B227AD3CF80010E271 /* viewModel */ = {
			isa = PBXGroup;
			children = (
				C4DED1BD27AD3D3B0010E271 /* LblViewModel.swift */,
				C4DED1BC27AD3D3B0010E271 /* LoginViewModel.swift */,
				C4DED1BE27AD3D3B0010E271 /* RefreshViewModel.swift */,
			);
			name = viewModel;
			sourceTree = "<group>";
		};
		C4DED1B327AD3D040010E271 /* views */ = {
			isa = PBXGroup;
			children = (
				C4DED1B627AD3D270010E271 /* AddNoteView.swift */,
				C4DED1B527AD3D270010E271 /* EditNoteView.swift */,
				C4DED1B427AD3D270010E271 /* LoginView.swift */,
				C4DED1B727AD3D270010E271 /* NoteListView.swift */,
			);
			name = views;
			sourceTree = "<group>";
		};
		C4DED1CD27AD3E9F0010E271 /* bean */ = {
			isa = PBXGroup;
			children = (
				C4DED1D027AD3EE90010E271 /* LoginResp.swift */,
				C4DED1D127AD3EE90010E271 /* QueryNoteResp.swift */,
			);
			path = bean;
			sourceTree = "<group>";
		};
		FA938EC8B91F90A556F0AD61 /* Frameworks */ = {
			isa = PBXGroup;
			children = (
				19B56A5DB88A51A68DBE754E /* Pods_notepad.framework */,
			);
			name = Frameworks;
			sourceTree = "<group>";
		};
/* End PBXGroup section */

/* Begin PBXNativeTarget section */
		C4DED19C27AD3C230010E271 /* notepad */ = {
			isa = PBXNativeTarget;
			buildConfigurationList = C4DED1AB27AD3C240010E271 /* Build configuration list for PBXNativeTarget "notepad" */;
			buildPhases = (
				98B4558CFE612DA576527B49 /* [CP] Check Pods Manifest.lock */,
				C4DED19927AD3C230010E271 /* Sources */,
				C4DED19A27AD3C230010E271 /* Frameworks */,
				C4DED19B27AD3C230010E271 /* Resources */,
				DBADC4F58712FD76E3175B30 /* [CP] Embed Pods Frameworks */,
			);
			buildRules = (
			);
			dependencies = (
			);
			name = notepad;
			productName = notepad;
			productReference = C4DED19D27AD3C230010E271 /* notepad.app */;
			productType = "com.apple.product-type.application";
		};
/* End PBXNativeTarget section */

/* Begin PBXProject section */
		C4DED19527AD3C230010E271 /* Project object */ = {
			isa = PBXProject;
			attributes = {
				BuildIndependentTargetsInParallel = 1;
				LastSwiftUpdateCheck = 1320;
				LastUpgradeCheck = 1320;
				TargetAttributes = {
					C4DED19C27AD3C230010E271 = {
						CreatedOnToolsVersion = 13.2.1;
					};
				};
			};
			buildConfigurationList = C4DED19827AD3C230010E271 /* Build configuration list for PBXProject "notepad" */;
			compatibilityVersion = "Xcode 13.0";
			developmentRegion = en;
			hasScannedForEncodings = 0;
			knownRegions = (
				en,
				Base,
			);
			mainGroup = C4DED19427AD3C230010E271;
			productRefGroup = C4DED19E27AD3C230010E271 /* Products */;
			projectDirPath = "";
			projectRoot = "";
			targets = (
				C4DED19C27AD3C230010E271 /* notepad */,
			);
		};
/* End PBXProject section */

/* Begin PBXResourcesBuildPhase section */
		C4DED19B27AD3C230010E271 /* Resources */ = {
			isa = PBXResourcesBuildPhase;
			buildActionMask = 2147483647;
			files = (
				C4DED1A827AD3C240010E271 /* Preview Assets.xcassets in Resources */,
				C4DED1A527AD3C240010E271 /* Assets.xcassets in Resources */,
			);
			runOnlyForDeploymentPostprocessing = 0;
		};
/* End PBXResourcesBuildPhase section */

/* Begin PBXShellScriptBuildPhase section */
		98B4558CFE612DA576527B49 /* [CP] Check Pods Manifest.lock */ = {
			isa = PBXShellScriptBuildPhase;
			buildActionMask = 2147483647;
			files = (
			);
			inputFileListPaths = (
			);
			inputPaths = (
				"${PODS_PODFILE_DIR_PATH}/Podfile.lock",
				"${PODS_ROOT}/Manifest.lock",
			);
			name = "[CP] Check Pods Manifest.lock";
			outputFileListPaths = (
			);
			outputPaths = (
				"$(DERIVED_FILE_DIR)/Pods-notepad-checkManifestLockResult.txt",
			);
			runOnlyForDeploymentPostprocessing = 0;
			shellPath = /bin/sh;
			shellScript = "diff \"${PODS_PODFILE_DIR_PATH}/Podfile.lock\" \"${PODS_ROOT}/Manifest.lock\" > /dev/null\nif [ $? != 0 ] ; then\n    # print error to STDERR\n    echo \"error: The sandbox is not in sync with the Podfile.lock. Run 'pod install' or update your CocoaPods installation.\" >&2\n    exit 1\nfi\n# This output is used by Xcode 'outputs' to avoid re-running this script phase.\necho \"SUCCESS\" > \"${SCRIPT_OUTPUT_FILE_0}\"\n";
			showEnvVarsInLog = 0;
		};
		DBADC4F58712FD76E3175B30 /* [CP] Embed Pods Frameworks */ = {
			isa = PBXShellScriptBuildPhase;
			buildActionMask = 2147483647;
			files = (
			);
			inputFileListPaths = (
				"${PODS_ROOT}/Target Support Files/Pods-notepad/Pods-notepad-frameworks-${CONFIGURATION}-input-files.xcfilelist",
			);
			name = "[CP] Embed Pods Frameworks";
			outputFileListPaths = (
				"${PODS_ROOT}/Target Support Files/Pods-notepad/Pods-notepad-frameworks-${CONFIGURATION}-output-files.xcfilelist",
			);
			runOnlyForDeploymentPostprocessing = 0;
			shellPath = /bin/sh;
			shellScript = "\"${PODS_ROOT}/Target Support Files/Pods-notepad/Pods-notepad-frameworks.sh\"\n";
			showEnvVarsInLog = 0;
		};
/* End PBXShellScriptBuildPhase section */

/* Begin PBXSourcesBuildPhase section */
		C4DED19927AD3C230010E271 /* Sources */ = {
			isa = PBXSourcesBuildPhase;
			buildActionMask = 2147483647;
			files = (
				C4DED1B927AD3D270010E271 /* EditNoteView.swift in Sources */,
				C4DED1C527AD3D480010E271 /* LblAPI.swift in Sources */,
				C4DED1CA27AD3D560010E271 /* CommonResp.swift in Sources */,
				C4DED1C127AD3D3C0010E271 /* RefreshViewModel.swift in Sources */,
				C4DED1B827AD3D270010E271 /* LoginView.swift in Sources */,
				C4DED1CB27AD3D560010E271 /* Note.swift in Sources */,
				C4DED1BB27AD3D270010E271 /* NoteListView.swift in Sources */,
				C4DED1C027AD3D3C0010E271 /* LblViewModel.swift in Sources */,
				C4DED1A127AD3C230010E271 /* notepadApp.swift in Sources */,
				C4DED1BA27AD3D270010E271 /* AddNoteView.swift in Sources */,
				C4DED1D227AD3EE90010E271 /* LoginResp.swift in Sources */,
				C4DED1C927AD3D560010E271 /* UserInfo.swift in Sources */,
				C4DED1BF27AD3D3C0010E271 /* LoginViewModel.swift in Sources */,
				C4DED1D327AD3EE90010E271 /* QueryNoteResp.swift in Sources */,
			);
			runOnlyForDeploymentPostprocessing = 0;
		};
/* End PBXSourcesBuildPhase section */

/* Begin XCBuildConfiguration section */
		C4DED1A927AD3C240010E271 /* Debug */ = {
			isa = XCBuildConfiguration;
			buildSettings = {
				ALWAYS_SEARCH_USER_PATHS = NO;
				CLANG_ANALYZER_NONNULL = YES;
				CLANG_ANALYZER_NUMBER_OBJECT_CONVERSION = YES_AGGRESSIVE;
				CLANG_CXX_LANGUAGE_STANDARD = "gnu++17";
				CLANG_CXX_LIBRARY = "libc++";
				CLANG_ENABLE_MODULES = YES;
				CLANG_ENABLE_OBJC_ARC = YES;
				CLANG_ENABLE_OBJC_WEAK = YES;
				CLANG_WARN_BLOCK_CAPTURE_AUTORELEASING = YES;
				CLANG_WARN_BOOL_CONVERSION = YES;
				CLANG_WARN_COMMA = YES;
				CLANG_WARN_CONSTANT_CONVERSION = YES;
				CLANG_WARN_DEPRECATED_OBJC_IMPLEMENTATIONS = YES;
				CLANG_WARN_DIRECT_OBJC_ISA_USAGE = YES_ERROR;
				CLANG_WARN_DOCUMENTATION_COMMENTS = YES;
				CLANG_WARN_EMPTY_BODY = YES;
				CLANG_WARN_ENUM_CONVERSION = YES;
				CLANG_WARN_INFINITE_RECURSION = YES;
				CLANG_WARN_INT_CONVERSION = YES;
				CLANG_WARN_NON_LITERAL_NULL_CONVERSION = YES;
				CLANG_WARN_OBJC_IMPLICIT_RETAIN_SELF = YES;
				CLANG_WARN_OBJC_LITERAL_CONVERSION = YES;
				CLANG_WARN_OBJC_ROOT_CLASS = YES_ERROR;
				CLANG_WARN_QUOTED_INCLUDE_IN_FRAMEWORK_HEADER = YES;
				CLANG_WARN_RANGE_LOOP_ANALYSIS = YES;
				CLANG_WARN_STRICT_PROTOTYPES = YES;
				CLANG_WARN_SUSPICIOUS_MOVE = YES;
				CLANG_WARN_UNGUARDED_AVAILABILITY = YES_AGGRESSIVE;
				CLANG_WARN_UNREACHABLE_CODE = YES;
				CLANG_WARN__DUPLICATE_METHOD_MATCH = YES;
				COPY_PHASE_STRIP = NO;
				DEBUG_INFORMATION_FORMAT = dwarf;
				ENABLE_STRICT_OBJC_MSGSEND = YES;
				ENABLE_TESTABILITY = YES;
				GCC_C_LANGUAGE_STANDARD = gnu11;
				GCC_DYNAMIC_NO_PIC = NO;
				GCC_NO_COMMON_BLOCKS = YES;
				GCC_OPTIMIZATION_LEVEL = 0;
				GCC_PREPROCESSOR_DEFINITIONS = (
					"DEBUG=1",
					"$(inherited)",
				);
				GCC_WARN_64_TO_32_BIT_CONVERSION = YES;
				GCC_WARN_ABOUT_RETURN_TYPE = YES_ERROR;
				GCC_WARN_UNDECLARED_SELECTOR = YES;
				GCC_WARN_UNINITIALIZED_AUTOS = YES_AGGRESSIVE;
				GCC_WARN_UNUSED_FUNCTION = YES;
				GCC_WARN_UNUSED_VARIABLE = YES;
				IPHONEOS_DEPLOYMENT_TARGET = 15.2;
				MTL_ENABLE_DEBUG_INFO = INCLUDE_SOURCE;
				MTL_FAST_MATH = YES;
				ONLY_ACTIVE_ARCH = YES;
				SDKROOT = iphoneos;
				SWIFT_ACTIVE_COMPILATION_CONDITIONS = DEBUG;
				SWIFT_OPTIMIZATION_LEVEL = "-Onone";
			};
			name = Debug;
		};
		C4DED1AA27AD3C240010E271 /* Release */ = {
			isa = XCBuildConfiguration;
			buildSettings = {
				ALWAYS_SEARCH_USER_PATHS = NO;
				CLANG_ANALYZER_NONNULL = YES;
				CLANG_ANALYZER_NUMBER_OBJECT_CONVERSION = YES_AGGRESSIVE;
				CLANG_CXX_LANGUAGE_STANDARD = "gnu++17";
				CLANG_CXX_LIBRARY = "libc++";
				CLANG_ENABLE_MODULES = YES;
				CLANG_ENABLE_OBJC_ARC = YES;
				CLANG_ENABLE_OBJC_WEAK = YES;
				CLANG_WARN_BLOCK_CAPTURE_AUTORELEASING = YES;
				CLANG_WARN_BOOL_CONVERSION = YES;
				CLANG_WARN_COMMA = YES;
				CLANG_WARN_CONSTANT_CONVERSION = YES;
				CLANG_WARN_DEPRECATED_OBJC_IMPLEMENTATIONS = YES;
				CLANG_WARN_DIRECT_OBJC_ISA_USAGE = YES_ERROR;
				CLANG_WARN_DOCUMENTATION_COMMENTS = YES;
				CLANG_WARN_EMPTY_BODY = YES;
				CLANG_WARN_ENUM_CONVERSION = YES;
				CLANG_WARN_INFINITE_RECURSION = YES;
				CLANG_WARN_INT_CONVERSION = YES;
				CLANG_WARN_NON_LITERAL_NULL_CONVERSION = YES;
				CLANG_WARN_OBJC_IMPLICIT_RETAIN_SELF = YES;
				CLANG_WARN_OBJC_LITERAL_CONVERSION = YES;
				CLANG_WARN_OBJC_ROOT_CLASS = YES_ERROR;
				CLANG_WARN_QUOTED_INCLUDE_IN_FRAMEWORK_HEADER = YES;
				CLANG_WARN_RANGE_LOOP_ANALYSIS = YES;
				CLANG_WARN_STRICT_PROTOTYPES = YES;
				CLANG_WARN_SUSPICIOUS_MOVE = YES;
				CLANG_WARN_UNGUARDED_AVAILABILITY = YES_AGGRESSIVE;
				CLANG_WARN_UNREACHABLE_CODE = YES;
				CLANG_WARN__DUPLICATE_METHOD_MATCH = YES;
				COPY_PHASE_STRIP = NO;
				DEBUG_INFORMATION_FORMAT = "dwarf-with-dsym";
				ENABLE_NS_ASSERTIONS = NO;
				ENABLE_STRICT_OBJC_MSGSEND = YES;
				GCC_C_LANGUAGE_STANDARD = gnu11;
				GCC_NO_COMMON_BLOCKS = YES;
				GCC_WARN_64_TO_32_BIT_CONVERSION = YES;
				GCC_WARN_ABOUT_RETURN_TYPE = YES_ERROR;
				GCC_WARN_UNDECLARED_SELECTOR = YES;
				GCC_WARN_UNINITIALIZED_AUTOS = YES_AGGRESSIVE;
				GCC_WARN_UNUSED_FUNCTION = YES;
				GCC_WARN_UNUSED_VARIABLE = YES;
				IPHONEOS_DEPLOYMENT_TARGET = 15.2;
				MTL_ENABLE_DEBUG_INFO = NO;
				MTL_FAST_MATH = YES;
				SDKROOT = iphoneos;
				SWIFT_COMPILATION_MODE = wholemodule;
				SWIFT_OPTIMIZATION_LEVEL = "-O";
				VALIDATE_PRODUCT = YES;
			};
			name = Release;
		};
		C4DED1AC27AD3C240010E271 /* Debug */ = {
			isa = XCBuildConfiguration;
			baseConfigurationReference = 875537B565E4F79E5BDA82F5 /* Pods-notepad.debug.xcconfig */;
			buildSettings = {
				ASSETCATALOG_COMPILER_APPICON_NAME = AppIcon;
				ASSETCATALOG_COMPILER_GLOBAL_ACCENT_COLOR_NAME = AccentColor;
				CODE_SIGN_STYLE = Automatic;
				CURRENT_PROJECT_VERSION = 1;
				DEVELOPMENT_ASSET_PATHS = "\"notepad/Preview Content\"";
				ENABLE_PREVIEWS = YES;
				GENERATE_INFOPLIST_FILE = YES;
				INFOPLIST_KEY_UIApplicationSceneManifest_Generation = YES;
				INFOPLIST_KEY_UIApplicationSupportsIndirectInputEvents = YES;
				INFOPLIST_KEY_UILaunchScreen_Generation = YES;
				INFOPLIST_KEY_UISupportedInterfaceOrientations_iPad = "UIInterfaceOrientationPortrait UIInterfaceOrientationPortraitUpsideDown UIInterfaceOrientationLandscapeLeft UIInterfaceOrientationLandscapeRight";
				INFOPLIST_KEY_UISupportedInterfaceOrientations_iPhone = "UIInterfaceOrientationPortrait UIInterfaceOrientationLandscapeLeft UIInterfaceOrientationLandscapeRight";
				LD_RUNPATH_SEARCH_PATHS = (
					"$(inherited)",
					"@executable_path/Frameworks",
				);
				MARKETING_VERSION = 1.0;
				PRODUCT_BUNDLE_IDENTIFIER = cn.lblbc.notepad;
				PRODUCT_NAME = "$(TARGET_NAME)";
				SWIFT_EMIT_LOC_STRINGS = YES;
				SWIFT_VERSION = 5.0;
				TARGETED_DEVICE_FAMILY = "1,2";
			};
			name = Debug;
		};
		C4DED1AD27AD3C240010E271 /* Release */ = {
			isa = XCBuildConfiguration;
			baseConfigurationReference = 226DBD1CA811AC249ADF9747 /* Pods-notepad.release.xcconfig */;
			buildSettings = {
				ASSETCATALOG_COMPILER_APPICON_NAME = AppIcon;
				ASSETCATALOG_COMPILER_GLOBAL_ACCENT_COLOR_NAME = AccentColor;
				CODE_SIGN_STYLE = Automatic;
				CURRENT_PROJECT_VERSION = 1;
				DEVELOPMENT_ASSET_PATHS = "\"notepad/Preview Content\"";
				ENABLE_PREVIEWS = YES;
				GENERATE_INFOPLIST_FILE = YES;
				INFOPLIST_KEY_UIApplicationSceneManifest_Generation = YES;
				INFOPLIST_KEY_UIApplicationSupportsIndirectInputEvents = YES;
				INFOPLIST_KEY_UILaunchScreen_Generation = YES;
				INFOPLIST_KEY_UISupportedInterfaceOrientations_iPad = "UIInterfaceOrientationPortrait UIInterfaceOrientationPortraitUpsideDown UIInterfaceOrientationLandscapeLeft UIInterfaceOrientationLandscapeRight";
				INFOPLIST_KEY_UISupportedInterfaceOrientations_iPhone = "UIInterfaceOrientationPortrait UIInterfaceOrientationLandscapeLeft UIInterfaceOrientationLandscapeRight";
				LD_RUNPATH_SEARCH_PATHS = (
					"$(inherited)",
					"@executable_path/Frameworks",
				);
				MARKETING_VERSION = 1.0;
				PRODUCT_BUNDLE_IDENTIFIER = cn.lblbc.notepad;
				PRODUCT_NAME = "$(TARGET_NAME)";
				SWIFT_EMIT_LOC_STRINGS = YES;
				SWIFT_VERSION = 5.0;
				TARGETED_DEVICE_FAMILY = "1,2";
			};
			name = Release;
		};
/* End XCBuildConfiguration section */

/* Begin XCConfigurationList section */
		C4DED19827AD3C230010E271 /* Build configuration list for PBXProject "notepad" */ = {
			isa = XCConfigurationList;
			buildConfigurations = (
				C4DED1A927AD3C240010E271 /* Debug */,
				C4DED1AA27AD3C240010E271 /* Release */,
			);
			defaultConfigurationIsVisible = 0;
			defaultConfigurationName = Release;
		};
		C4DED1AB27AD3C240010E271 /* Build configuration list for PBXNativeTarget "notepad" */ = {
			isa = XCConfigurationList;
			buildConfigurations = (
				C4DED1AC27AD3C240010E271 /* Debug */,
				C4DED1AD27AD3C240010E271 /* Release */,
			);
			defaultConfigurationIsVisible = 0;
			defaultConfigurationName = Release;
		};
/* End XCConfigurationList section */
	};
	rootObject = C4DED19527AD3C230010E271 /* Project object */;
}
